
Microsoft Visual Studio Solution File, Format Version 12.00
# Visual Studio Version 17
VisualStudioVersion = 17.5.33627.172
MinimumVisualStudioVersion = 10.0.40219.1
Project("{FAE04EC0-301F-11D3-BF4B-00C04F79EFBC}") = "ConsoleApp8", "ConsoleApp8.csproj", "{323B1A27-142B-4A26-A229-51DA9AD23244}"
EndProject
Global
	GlobalSection(SolutionConfigurationPlatforms) = preSolution
		Debug|Any CPU = Debug|Any CPU
		Release|Any CPU = Release|Any CPU
	EndGlobalSection
	GlobalSection(ProjectConfigurationPlatforms) = postSolution
		{323B1A27-142B-4A26-A229-51DA9AD23244}.Debug|Any CPU.ActiveCfg = Debug|Any CPU
		{323B1A27-142B-4A26-A229-51DA9AD23244}.Debug|Any CPU.Build.0 = Debug|Any CPU
		{323B1A27-142B-4A26-A229-51DA9AD23244}.Release|Any CPU.ActiveCfg = Release|Any CPU
		{323B1A27-142B-4A26-A229-51DA9AD23244}.Release|Any CPU.Build.0 = Release|Any CPU
	EndGlobalSection
	GlobalSection(SolutionProperties) = preSolution
		HideSolutionNode = FALSE
	EndGlobalSection
	GlobalSection(ExtensibilityGlobals) = postSolution
		SolutionGuid = {6A35B6B6-05B3-4298-B137-21D70C23E8FA}
	EndGlobalSection
EndGlobal
